{
  "name": "djplayer",
  "version": "1.0.0",
  "lockfileVersion": 1,
  "requires": true,
  "dependencies": {
    "music-tempo": {
      "version": "1.0.3",
      "resolved": "https://registry.npmjs.org/music-tempo/-/music-tempo-1.0.3.tgz",
      "integrity": "sha1-6CZv1qlUklTkVj8AGIuds+winAI="
    },
    "to-arraybuffer": {
      "version": "1.0.1",
      "resolved": "https://registry.npmjs.org/to-arraybuffer/-/to-arraybuffer-1.0.1.tgz",
      "integrity": "sha1-fSKbH8xjfkZsoIEYCDanqr/4P0M="
    }
  }
}
